
Microsoft Visual Studio Solution File, Format Version 12.00
# Visual Studio Version 17
VisualStudioVersion = 17.6.33815.320
MinimumVisualStudioVersion = 10.0.40219.1
Project("{FAE04EC0-301F-11D3-BF4B-00C04F79EFBC}") = "HTMXExamples", "HTMXExamples\HTMXExamples.csproj", "{128047C2-0657-4EC8-A0C4-CCF5F960DF92}"
EndProject
Global
	GlobalSection(SolutionConfigurationPlatforms) = preSolution
		Debug|Any CPU = Debug|Any CPU
		Release|Any CPU = Release|Any CPU
	EndGlobalSection
	GlobalSection(ProjectConfigurationPlatforms) = postSolution
		{128047C2-0657-4EC8-A0C4-CCF5F960DF92}.Debug|Any CPU.ActiveCfg = Debug|Any CPU
		{128047C2-0657-4EC8-A0C4-CCF5F960DF92}.Debug|Any CPU.Build.0 = Debug|Any CPU
		{128047C2-0657-4EC8-A0C4-CCF5F960DF92}.Release|Any CPU.ActiveCfg = Release|Any CPU
		{128047C2-0657-4EC8-A0C4-CCF5F960DF92}.Release|Any CPU.Build.0 = Release|Any CPU
	EndGlobalSection
	GlobalSection(SolutionProperties) = preSolution
		HideSolutionNode = FALSE
	EndGlobalSection
	GlobalSection(ExtensibilityGlobals) = postSolution
		SolutionGuid = {7EFCBE0F-D9AD-4C3E-A0EA-1E789F630753}
	EndGlobalSection
EndGlobal
